// !$*UTF8*$!
{
	archiveVersion = 1;
	classes = {
	};
	objectVersion = 52;
	objects = {

/* Begin PBXBuildFile section */
		0FABFF2517D3D7ACFCC41591 /* Pods_flix_flixUITests.framework in Frameworks */ = {isa = PBXBuildFile; fileRef = E7807AF4212125E21480F5E4 /* Pods_flix_flixUITests.framework */; };
		72581F3726FB880300C6F950 /* AppDelegate.swift in Sources */ = {isa = PBXBuildFile; fileRef = 72581F3626FB880300C6F950 /* AppDelegate.swift */; };
		72581F3926FB880300C6F950 /* SceneDelegate.swift in Sources */ = {isa = PBXBuildFile; fileRef = 72581F3826FB880300C6F950 /* SceneDelegate.swift */; };
		72581F3B26FB880300C6F950 /* MoviesViewController.swift in Sources */ = {isa = PBXBuildFile; fileRef = 72581F3A26FB880300C6F950 /* MoviesViewController.swift */; };
		72581F3E26FB880300C6F950 /* Main.storyboard in Resources */ = {isa = PBXBuildFile; fileRef = 72581F3C26FB880300C6F950 /* Main.storyboard */; };
		72581F4026FB880400C6F950 /* Assets.xcassets in Resources */ = {isa = PBXBuildFile; fileRef = 72581F3F26FB880400C6F950 /* Assets.xcassets */; };
		72581F4326FB880400C6F950 /* LaunchScreen.storyboard in Resources */ = {isa = PBXBuildFile; fileRef = 72581F4126FB880400C6F950 /* LaunchScreen.storyboard */; };
		72581F4E26FB880500C6F950 /* flixTests.swift in Sources */ = {isa = PBXBuildFile; fileRef = 72581F4D26FB880500C6F950 /* flixTests.swift */; };
		72581F5926FB880500C6F950 /* flixUITests.swift in Sources */ = {isa = PBXBuildFile; fileRef = 72581F5826FB880500C6F950 /* flixUITests.swift */; };
		72581F6726FB999600C6F950 /* MovieCell.swift in Sources */ = {isa = PBXBuildFile; fileRef = 72581F6626FB999600C6F950 /* MovieCell.swift */; };
		72581F6A26FB9CB100C6F950 /* AlamofireImage in Frameworks */ = {isa = PBXBuildFile; productRef = 72581F6926FB9CB100C6F950 /* AlamofireImage */; };
		80DECDF37605FA7A07905220 /* Pods_flix.framework in Frameworks */ = {isa = PBXBuildFile; fileRef = 219659B12981CAB047B069CF /* Pods_flix.framework */; };
		E477D3FFA203DC69A4ADF117 /* Pods_flixTests.framework in Frameworks */ = {isa = PBXBuildFile; fileRef = DD3FA4ED25921E0E1ECDD9A7 /* Pods_flixTests.framework */; };
/* End PBXBuildFile section */

/* Begin PBXContainerItemProxy section */
		72581F4A26FB880500C6F950 /* PBXContainerItemProxy */ = {
			isa = PBXContainerItemProxy;
			containerPortal = 72581F2B26FB880300C6F950 /* Project object */;
			proxyType = 1;
			remoteGlobalIDString = 72581F3226FB880300C6F950;
			remoteInfo = flix;
		};
		72581F5526FB880500C6F950 /* PBXContainerItemProxy */ = {
			isa = PBXContainerItemProxy;
			containerPortal = 72581F2B26FB880300C6F950 /* Project object */;
			proxyType = 1;
			remoteGlobalIDString = 72581F3226FB880300C6F950;
			remoteInfo = flix;
		};
/* End PBXContainerItemProxy section */

/* Begin PBXFileReference section */
		09310F318A9F68EA7824CA75 /* Pods-flixTests.release.xcconfig */ = {isa = PBXFileReference; includeInIndex = 1; lastKnownFileType = text.xcconfig; name = "Pods-flixTests.release.xcconfig"; path = "Target Support Files/Pods-flixTests/Pods-flixTests.release.xcconfig"; sourceTree = "<group>"; };
		1567DC0557E158A9A08055EC /* Pods-flix.debug.xcconfig */ = {isa = PBXFileReference; includeInIndex = 1; lastKnownFileType = text.xcconfig; name = "Pods-flix.debug.xcconfig"; path = "Target Support Files/Pods-flix/Pods-flix.debug.xcconfig"; sourceTree = "<group>"; };
		219659B12981CAB047B069CF /* Pods_flix.framework */ = {isa = PBXFileReference; explicitFileType = wrapper.framework; includeInIndex = 0; path = Pods_flix.framework; sourceTree = BUILT_PRODUCTS_DIR; };
		31803BD82ABDB4AB9D3C43F7 /* Pods-flixTests.debug.xcconfig */ = {isa = PBXFileReference; includeInIndex = 1; lastKnownFileType = text.xcconfig; name = "Pods-flixTests.debug.xcconfig"; path = "Target Support Files/Pods-flixTests/Pods-flixTests.debug.xcconfig"; sourceTree = "<group>"; };
		54CCC275474625F7B6E4D530 /* Pods-flix.release.xcconfig */ = {isa = PBXFileReference; includeInIndex = 1; lastKnownFileType = text.xcconfig; name = "Pods-flix.release.xcconfig"; path = "Target Support Files/Pods-flix/Pods-flix.release.xcconfig"; sourceTree = "<group>"; };
		72581F3326FB880300C6F950 /* flix.app */ = {isa = PBXFileReference; explicitFileType = wrapper.application; includeInIndex = 0; path = flix.app; sourceTree = BUILT_PRODUCTS_DIR; };
		72581F3626FB880300C6F950 /* AppDelegate.swift */ = {isa = PBXFileReference; lastKnownFileType = sourcecode.swift; path = AppDelegate.swift; sourceTree = "<group>"; };
		72581F3826FB880300C6F950 /* SceneDelegate.swift */ = {isa = PBXFileReference; lastKnownFileType = sourcecode.swift; path = SceneDelegate.swift; sourceTree = "<group>"; };
		72581F3A26FB880300C6F950 /* MoviesViewController.swift */ = {isa = PBXFileReference; lastKnownFileType = sourcecode.swift; path = MoviesViewController.swift; sourceTree = "<group>"; };
		72581F3D26FB880300C6F950 /* Base */ = {isa = PBXFileReference; lastKnownFileType = file.storyboard; name = Base; path = Base.lproj/Main.storyboard; sourceTree = "<group>"; };
		72581F3F26FB880400C6F950 /* Assets.xcassets */ = {isa = PBXFileReference; lastKnownFileType = folder.assetcatalog; path = Assets.xcassets; sourceTree = "<group>"; };
		72581F4226FB880400C6F950 /* Base */ = {isa = PBXFileReference; lastKnownFileType = file.storyboard; name = Base; path = Base.lproj/LaunchScreen.storyboard; sourceTree = "<group>"; };
		72581F4426FB880400C6F950 /* Info.plist */ = {isa = PBXFileReference; lastKnownFileType = text.plist.xml; path = Info.plist; sourceTree = "<group>"; };
		72581F4926FB880500C6F950 /* flixTests.xctest */ = {isa = PBXFileReference; explicitFileType = wrapper.cfbundle; includeInIndex = 0; path = flixTests.xctest; sourceTree = BUILT_PRODUCTS_DIR; };
		72581F4D26FB880500C6F950 /* flixTests.swift */ = {isa = PBXFileReference; lastKnownFileType = sourcecode.swift; path = flixTests.swift; sourceTree = "<group>"; };
		72581F4F26FB880500C6F950 /* Info.plist */ = {isa = PBXFileReference; lastKnownFileType = text.plist.xml; path = Info.plist; sourceTree = "<group>"; };
		72581F5426FB880500C6F950 /* flixUITests.xctest */ = {isa = PBXFileReference; explicitFileType = wrapper.cfbundle; includeInIndex = 0; path = flixUITests.xctest; sourceTree = BUILT_PRODUCTS_DIR; };
		72581F5826FB880500C6F950 /* flixUITests.swift */ = {isa = PBXFileReference; lastKnownFileType = sourcecode.swift; path = flixUITests.swift; sourceTree = "<group>"; };
		72581F5A26FB880500C6F950 /* Info.plist */ = {isa = PBXFileReference; lastKnownFileType = text.plist.xml; path = Info.plist; sourceTree = "<group>"; };
		72581F6626FB999600C6F950 /* MovieCell.swift */ = {isa = PBXFileReference; lastKnownFileType = sourcecode.swift; path = MovieCell.swift; sourceTree = "<group>"; };
		B1E667B3529C07677E2D0BD9 /* Pods-flix-flixUITests.debug.xcconfig */ = {isa = PBXFileReference; includeInIndex = 1; lastKnownFileType = text.xcconfig; name = "Pods-flix-flixUITests.debug.xcconfig"; path = "Target Support Files/Pods-flix-flixUITests/Pods-flix-flixUITests.debug.xcconfig"; sourceTree = "<group>"; };
		DD3FA4ED25921E0E1ECDD9A7 /* Pods_flixTests.framework */ = {isa = PBXFileReference; explicitFileType = wrapper.framework; includeInIndex = 0; path = Pods_flixTests.framework; sourceTree = BUILT_PRODUCTS_DIR; };
		DDDCF46621D06C633237BFE9 /* Pods-flix-flixUITests.release.xcconfig */ = {isa = PBXFileReference; includeInIndex = 1; lastKnownFileType = text.xcconfig; name = "Pods-flix-flixUITests.release.xcconfig"; path = "Target Support Files/Pods-flix-flixUITests/Pods-flix-flixUITests.release.xcconfig"; sourceTree = "<group>"; };
		E7807AF4212125E21480F5E4 /* Pods_flix_flixUITests.framework */ = {isa = PBXFileReference; explicitFileType = wrapper.framework; includeInIndex = 0; path = Pods_flix_flixUITests.framework; sourceTree = BUILT_PRODUCTS_DIR; };
/* End PBXFileReference section */

/* Begin PBXFrameworksBuildPhase section */
		72581F3026FB880300C6F950 /* Frameworks */ = {
			isa = PBXFrameworksBuildPhase;
			buildActionMask = 2147483647;
			files = (
				72581F6A26FB9CB100C6F950 /* AlamofireImage in Frameworks */,
				80DECDF37605FA7A07905220 /* Pods_flix.framework in Frameworks */,
			);
			runOnlyForDeploymentPostprocessing = 0;
		};
		72581F4626FB880500C6F950 /* Frameworks */ = {
			isa = PBXFrameworksBuildPhase;
			buildActionMask = 2147483647;
			files = (
				E477D3FFA203DC69A4ADF117 /* Pods_flixTests.framework in Frameworks */,
			);
			runOnlyForDeploymentPostprocessing = 0;
		};
		72581F5126FB880500C6F950 /* Frameworks */ = {
			isa = PBXFrameworksBuildPhase;
			buildActionMask = 2147483647;
			files = (
				0FABFF2517D3D7ACFCC41591 /* Pods_flix_flixUITests.framework in Frameworks */,
			);
			runOnlyForDeploymentPostprocessing = 0;
		};
/* End PBXFrameworksBuildPhase section */

/* Begin PBXGroup section */
		1DAAD6DB8E7ACA98A51FAF0B /* Pods */ = {
			isa = PBXGroup;
			children = (
				1567DC0557E158A9A08055EC /* Pods-flix.debug.xcconfig */,
				54CCC275474625F7B6E4D530 /* Pods-flix.release.xcconfig */,
				B1E667B3529C07677E2D0BD9 /* Pods-flix-flixUITests.debug.xcconfig */,
				DDDCF46621D06C633237BFE9 /* Pods-flix-flixUITests.release.xcconfig */,
				31803BD82ABDB4AB9D3C43F7 /* Pods-flixTests.debug.xcconfig */,
				09310F318A9F68EA7824CA75 /* Pods-flixTests.release.xcconfig */,
			);
			name = Pods;
			path = Pods;
			sourceTree = "<group>";
		};
		70826E0FB37CE8C806309284 /* Frameworks */ = {
			isa = PBXGroup;
			children = (
				219659B12981CAB047B069CF /* Pods_flix.framework */,
				E7807AF4212125E21480F5E4 /* Pods_flix_flixUITests.framework */,
				DD3FA4ED25921E0E1ECDD9A7 /* Pods_flixTests.framework */,
			);
			name = Frameworks;
			sourceTree = "<group>";
		};
		72581F2A26FB880300C6F950 = {
			isa = PBXGroup;
			children = (
				72581F3526FB880300C6F950 /* flix */,
				72581F4C26FB880500C6F950 /* flixTests */,
				72581F5726FB880500C6F950 /* flixUITests */,
				72581F3426FB880300C6F950 /* Products */,
				1DAAD6DB8E7ACA98A51FAF0B /* Pods */,
				70826E0FB37CE8C806309284 /* Frameworks */,
			);
			sourceTree = "<group>";
		};
		72581F3426FB880300C6F950 /* Products */ = {
			isa = PBXGroup;
			children = (
				72581F3326FB880300C6F950 /* flix.app */,
				72581F4926FB880500C6F950 /* flixTests.xctest */,
				72581F5426FB880500C6F950 /* flixUITests.xctest */,
			);
			name = Products;
			sourceTree = "<group>";
		};
		72581F3526FB880300C6F950 /* flix */ = {
			isa = PBXGroup;
			children = (
				72581F3626FB880300C6F950 /* AppDelegate.swift */,
				72581F3826FB880300C6F950 /* SceneDelegate.swift */,
				72581F3A26FB880300C6F950 /* MoviesViewController.swift */,
				72581F3C26FB880300C6F950 /* Main.storyboard */,
				72581F6626FB999600C6F950 /* MovieCell.swift */,
				72581F3F26FB880400C6F950 /* Assets.xcassets */,
				72581F4126FB880400C6F950 /* LaunchScreen.storyboard */,
				72581F4426FB880400C6F950 /* Info.plist */,
			);
			path = flix;
			sourceTree = "<group>";
		};
		72581F4C26FB880500C6F950 /* flixTests */ = {
			isa = PBXGroup;
			children = (
				72581F4D26FB880500C6F950 /* flixTests.swift */,
				72581F4F26FB880500C6F950 /* Info.plist */,
			);
			path = flixTests;
			sourceTree = "<group>";
		};
		72581F5726FB880500C6F950 /* flixUITests */ = {
			isa = PBXGroup;
			children = (
				72581F5826FB880500C6F950 /* flixUITests.swift */,
				72581F5A26FB880500C6F950 /* Info.plist */,
			);
			path = flixUITests;
			sourceTree = "<group>";
		};
/* End PBXGroup section */

/* Begin PBXNativeTarget section */
		72581F3226FB880300C6F950 /* flix */ = {
			isa = PBXNativeTarget;
			buildConfigurationList = 72581F5D26FB880500C6F950 /* Build configuration list for PBXNativeTarget "flix" */;
			buildPhases = (
				3316B6B2692A8625BEE79333 /* [CP] Check Pods Manifest.lock */,
				72581F2F26FB880300C6F950 /* Sources */,
				72581F3026FB880300C6F950 /* Frameworks */,
				72581F3126FB880300C6F950 /* Resources */,
				A98547910E0B736F5B9B60BB /* [CP] Embed Pods Frameworks */,
			);
			buildRules = (
			);
			dependencies = (
			);
			name = flix;
			packageProductDependencies = (
				72581F6926FB9CB100C6F950 /* AlamofireImage */,
			);
			productName = flix;
			productReference = 72581F3326FB880300C6F950 /* flix.app */;
			productType = "com.apple.product-type.application";
		};
		72581F4826FB880500C6F950 /* flixTests */ = {
			isa = PBXNativeTarget;
			buildConfigurationList = 72581F6026FB880500C6F950 /* Build configuration list for PBXNativeTarget "flixTests" */;
			buildPhases = (
				C7C240799302DE8E85A68F5F /* [CP] Check Pods Manifest.lock */,
				72581F4526FB880500C6F950 /* Sources */,
				72581F4626FB880500C6F950 /* Frameworks */,
				72581F4726FB880500C6F950 /* Resources */,
			);
			buildRules = (
			);
			dependencies = (
				72581F4B26FB880500C6F950 /* PBXTargetDependency */,
			);
			name = flixTests;
			productName = flixTests;
			productReference = 72581F4926FB880500C6F950 /* flixTests.xctest */;
			productType = "com.apple.product-type.bundle.unit-test";
		};
		72581F5326FB880500C6F950 /* flixUITests */ = {
			isa = PBXNativeTarget;
			buildConfigurationList = 72581F6326FB880500C6F950 /* Build configuration list for PBXNativeTarget "flixUITests" */;
			buildPhases = (
				63B3F59C85C0858017262FC8 /* [CP] Check Pods Manifest.lock */,
				72581F5026FB880500C6F950 /* Sources */,
				72581F5126FB880500C6F950 /* Frameworks */,
				72581F5226FB880500C6F950 /* Resources */,
				B5D0723097DA1B2E229811E7 /* [CP] Embed Pods Frameworks */,
			);
			buildRules = (
			);
			dependencies = (
				72581F5626FB880500C6F950 /* PBXTargetDependency */,
			);
			name = flixUITests;
			productName = flixUITests;
			productReference = 72581F5426FB880500C6F950 /* flixUITests.xctest */;
			productType = "com.apple.product-type.bundle.ui-testing";
		};
/* End PBXNativeTarget section */

/* Begin PBXProject section */
		72581F2B26FB880300C6F950 /* Project object */ = {
			isa = PBXProject;
			attributes = {
				LastSwiftUpdateCheck = 1250;
				LastUpgradeCheck = 1250;
				TargetAttributes = {
					72581F3226FB880300C6F950 = {
						CreatedOnToolsVersion = 12.5.1;
					};
					72581F4826FB880500C6F950 = {
						CreatedOnToolsVersion = 12.5.1;
						TestTargetID = 72581F3226FB880300C6F950;
					};
					72581F5326FB880500C6F950 = {
						CreatedOnToolsVersion = 12.5.1;
						TestTargetID = 72581F3226FB880300C6F950;
					};
				};
			};
			buildConfigurationList = 72581F2E26FB880300C6F950 /* Build configuration list for PBXProject "flix" */;
			compatibilityVersion = "Xcode 9.3";
			developmentRegion = en;
			hasScannedForEncodings = 0;
			knownRegions = (
				en,
				Base,
			);
			mainGroup = 72581F2A26FB880300C6F950;
			packageReferences = (
				72581F6826FB9CB100C6F950 /* XCRemoteSwiftPackageReference "AlamofireImage" */,
			);
			productRefGroup = 72581F3426FB880300C6F950 /* Products */;
			projectDirPath = "";
			projectRoot = "";
			targets = (
				72581F3226FB880300C6F950 /* flix */,
				72581F4826FB880500C6F950 /* flixTests */,
				72581F5326FB880500C6F950 /* flixUITests */,
			);
		};
/* End PBXProject section */

/* Begin PBXResourcesBuildPhase section */
		72581F3126FB880300C6F950 /* Resources */ = {
			isa = PBXResourcesBuildPhase;
			buildActionMask = 2147483647;
			files = (
				72581F4326FB880400C6F950 /* LaunchScreen.storyboard in Resources */,
				72581F4026FB880400C6F950 /* Assets.xcassets in Resources */,
				72581F3E26FB880300C6F950 /* Main.storyboard in Resources */,
			);
			runOnlyForDeploymentPostprocessing = 0;
		};
		72581F4726FB880500C6F950 /* Resources */ = {
			isa = PBXResourcesBuildPhase;
			buildActionMask = 2147483647;
			files = (
			);
			runOnlyForDeploymentPostprocessing = 0;
		};
		72581F5226FB880500C6F950 /* Resources */ = {
			isa = PBXResourcesBuildPhase;
			buildActionMask = 2147483647;
			files = (
			);
			runOnlyForDeploymentPostprocessing = 0;
		};
/* End PBXResourcesBuildPhase section */

/* Begin PBXShellScriptBuildPhase section */
		3316B6B2692A8625BEE79333 /* [CP] Check Pods Manifest.lock */ = {
			isa = PBXShellScriptBuildPhase;
			buildActionMask = 2147483647;
			files = (
			);
			inputFileListPaths = (
			);
			inputPaths = (
				"${PODS_PODFILE_DIR_PATH}/Podfile.lock",
				"${PODS_ROOT}/Manifest.lock",
			);
			name = "[CP] Check Pods Manifest.lock";
			outputFileListPaths = (
			);
			outputPaths = (
				"$(DERIVED_FILE_DIR)/Pods-flix-checkManifestLockResult.txt",
			);
			runOnlyForDeploymentPostprocessing = 0;
			shellPath = /bin/sh;
			shellScript = "diff \"${PODS_PODFILE_DIR_PATH}/Podfile.lock\" \"${PODS_ROOT}/Manifest.lock\" > /dev/null\nif [ $? != 0 ] ; then\n    # print error to STDERR\n    echo \"error: The sandbox is not in sync with the Podfile.lock. Run 'pod install' or update your CocoaPods installation.\" >&2\n    exit 1\nfi\n# This output is used by Xcode 'outputs' to avoid re-running this script phase.\necho \"SUCCESS\" > \"${SCRIPT_OUTPUT_FILE_0}\"\n";
			showEnvVarsInLog = 0;
		};
		63B3F59C85C0858017262FC8 /* [CP] Check Pods Manifest.lock */ = {
			isa = PBXShellScriptBuildPhase;
			buildActionMask = 2147483647;
			files = (
			);
			inputFileListPaths = (
			);
			inputPaths = (
				"${PODS_PODFILE_DIR_PATH}/Podfile.lock",
				"${PODS_ROOT}/Manifest.lock",
			);
			name = "[CP] Check Pods Manifest.lock";
			outputFileListPaths = (
			);
			outputPaths = (
				"$(DERIVED_FILE_DIR)/Pods-flix-flixUITests-checkManifestLockResult.txt",
			);
			runOnlyForDeploymentPostprocessing = 0;
			shellPath = /bin/sh;
			shellScript = "diff \"${PODS_PODFILE_DIR_PATH}/Podfile.lock\" \"${PODS_ROOT}/Manifest.lock\" > /dev/null\nif [ $? != 0 ] ; then\n    # print error to STDERR\n    echo \"error: The sandbox is not in sync with the Podfile.lock. Run 'pod install' or update your CocoaPods installation.\" >&2\n    exit 1\nfi\n# This output is used by Xcode 'outputs' to avoid re-running this script phase.\necho \"SUCCESS\" > \"${SCRIPT_OUTPUT_FILE_0}\"\n";
			showEnvVarsInLog = 0;
		};
		A98547910E0B736F5B9B60BB /* [CP] Embed Pods Frameworks */ = {
			isa = PBXShellScriptBuildPhase;
			buildActionMask = 2147483647;
			files = (
			);
			inputFileListPaths = (
				"${PODS_ROOT}/Target Support Files/Pods-flix/Pods-flix-frameworks-${CONFIGURATION}-input-files.xcfilelist",
			);
			name = "[CP] Embed Pods Frameworks";
			outputFileListPaths = (
				"${PODS_ROOT}/Target Support Files/Pods-flix/Pods-flix-frameworks-${CONFIGURATION}-output-files.xcfilelist",
			);
			runOnlyForDeploymentPostprocessing = 0;
			shellPath = /bin/sh;
			shellScript = "\"${PODS_ROOT}/Target Support Files/Pods-flix/Pods-flix-frameworks.sh\"\n";
			showEnvVarsInLog = 0;
		};
		B5D0723097DA1B2E229811E7 /* [CP] Embed Pods Frameworks */ = {
			isa = PBXShellScriptBuildPhase;
			buildActionMask = 2147483647;
			files = (
			);
			inputFileListPaths = (
				"${PODS_ROOT}/Target Support Files/Pods-flix-flixUITests/Pods-flix-flixUITests-frameworks-${CONFIGURATION}-input-files.xcfilelist",
			);
			name = "[CP] Embed Pods Frameworks";
			outputFileListPaths = (
				"${PODS_ROOT}/Target Support Files/Pods-flix-flixUITests/Pods-flix-flixUITests-frameworks-${CONFIGURATION}-output-files.xcfilelist",
			);
			runOnlyForDeploymentPostprocessing = 0;
			shellPath = /bin/sh;
			shellScript = "\"${PODS_ROOT}/Target Support Files/Pods-flix-flixUITests/Pods-flix-flixUITests-frameworks.sh\"\n";
			showEnvVarsInLog = 0;
		};
		C7C240799302DE8E85A68F5F /* [CP] Check Pods Manifest.lock */ = {
			isa = PBXShellScriptBuildPhase;
			buildActionMask = 2147483647;
			files = (
			);
			inputFileListPaths = (
			);
			inputPaths = (
				"${PODS_PODFILE_DIR_PATH}/Podfile.lock",
				"${PODS_ROOT}/Manifest.lock",
			);
			name = "[CP] Check Pods Manifest.lock";
			outputFileListPaths = (
			);
			outputPaths = (
				"$(DERIVED_FILE_DIR)/Pods-flixTests-checkManifestLockResult.txt",
			);
			runOnlyForDeploymentPostprocessing = 0;
			shellPath = /bin/sh;
			shellScript = "diff \"${PODS_PODFILE_DIR_PATH}/Podfile.lock\" \"${PODS_ROOT}/Manifest.lock\" > /dev/null\nif [ $? != 0 ] ; then\n    # print error to STDERR\n    echo \"error: The sandbox is not in sync with the Podfile.lock. Run 'pod install' or update your CocoaPods installation.\" >&2\n    exit 1\nfi\n# This output is used by Xcode 'outputs' to avoid re-running this script phase.\necho \"SUCCESS\" > \"${SCRIPT_OUTPUT_FILE_0}\"\n";
			showEnvVarsInLog = 0;
		};
/* End PBXShellScriptBuildPhase section */

/* Begin PBXSourcesBuildPhase section */
		72581F2F26FB880300C6F950 /* Sources */ = {
			isa = PBXSourcesBuildPhase;
			buildActionMask = 2147483647;
			files = (
				72581F3B26FB880300C6F950 /* MoviesViewController.swift in Sources */,
				72581F3726FB880300C6F950 /* AppDelegate.swift in Sources */,
				72581F6726FB999600C6F950 /* MovieCell.swift in Sources */,
				72581F3926FB880300C6F950 /* SceneDelegate.swift in Sources */,
			);
			runOnlyForDeploymentPostprocessing = 0;
		};
		72581F4526FB880500C6F950 /* Sources */ = {
			isa = PBXSourcesBuildPhase;
			buildActionMask = 2147483647;
			files = (
				72581F4E26FB880500C6F950 /* flixTests.swift in Sources */,
			);
			runOnlyForDeploymentPostprocessing = 0;
		};
		72581F5026FB880500C6F950 /* Sources */ = {
			isa = PBXSourcesBuildPhase;
			buildActionMask = 2147483647;
			files = (
				72581F5926FB880500C6F950 /* flixUITests.swift in Sources */,
			);
			runOnlyForDeploymentPostprocessing = 0;
		};
/* End PBXSourcesBuildPhase section */

/* Begin PBXTargetDependency section */
		72581F4B26FB880500C6F950 /* PBXTargetDependency */ = {
			isa = PBXTargetDependency;
			target = 72581F3226FB880300C6F950 /* flix */;
			targetProxy = 72581F4A26FB880500C6F950 /* PBXContainerItemProxy */;
		};
		72581F5626FB880500C6F950 /* PBXTargetDependency */ = {
			isa = PBXTargetDependency;
			target = 72581F3226FB880300C6F950 /* flix */;
			targetProxy = 72581F5526FB880500C6F950 /* PBXContainerItemProxy */;
		};
/* End PBXTargetDependency section */

/* Begin PBXVariantGroup section */
		72581F3C26FB880300C6F950 /* Main.storyboard */ = {
			isa = PBXVariantGroup;
			children = (
				72581F3D26FB880300C6F950 /* Base */,
			);
			name = Main.storyboard;
			sourceTree = "<group>";
		};
		72581F4126FB880400C6F950 /* LaunchScreen.storyboard */ = {
			isa = PBXVariantGroup;
			children = (
				72581F4226FB880400C6F950 /* Base */,
			);
			name = LaunchScreen.storyboard;
			sourceTree = "<group>";
		};
/* End PBXVariantGroup section */

/* Begin XCBuildConfiguration section */
		72581F5B26FB880500C6F950 /* Debug */ = {
			isa = XCBuildConfiguration;
			buildSettings = {
				ALWAYS_SEARCH_USER_PATHS = NO;
				CLANG_ANALYZER_NONNULL = YES;
				CLANG_ANALYZER_NUMBER_OBJECT_CONVERSION = YES_AGGRESSIVE;
				CLANG_CXX_LANGUAGE_STANDARD = "gnu++14";
				CLANG_CXX_LIBRARY = "libc++";
				CLANG_ENABLE_MODULES = YES;
				CLANG_ENABLE_OBJC_ARC = YES;
				CLANG_ENABLE_OBJC_WEAK = YES;
				CLANG_WARN_BLOCK_CAPTURE_AUTORELEASING = YES;
				CLANG_WARN_BOOL_CONVERSION = YES;
				CLANG_WARN_COMMA = YES;
				CLANG_WARN_CONSTANT_CONVERSION = YES;
				CLANG_WARN_DEPRECATED_OBJC_IMPLEMENTATIONS = YES;
				CLANG_WARN_DIRECT_OBJC_ISA_USAGE = YES_ERROR;
				CLANG_WARN_DOCUMENTATION_COMMENTS = YES;
				CLANG_WARN_EMPTY_BODY = YES;
				CLANG_WARN_ENUM_CONVERSION = YES;
				CLANG_WARN_INFINITE_RECURSION = YES;
				CLANG_WARN_INT_CONVERSION = YES;
				CLANG_WARN_NON_LITERAL_NULL_CONVERSION = YES;
				CLANG_WARN_OBJC_IMPLICIT_RETAIN_SELF = YES;
				CLANG_WARN_OBJC_LITERAL_CONVERSION = YES;
				CLANG_WARN_OBJC_ROOT_CLASS = YES_ERROR;
				CLANG_WARN_QUOTED_INCLUDE_IN_FRAMEWORK_HEADER = YES;
				CLANG_WARN_RANGE_LOOP_ANALYSIS = YES;
				CLANG_WARN_STRICT_PROTOTYPES = YES;
				CLANG_WARN_SUSPICIOUS_MOVE = YES;
				CLANG_WARN_UNGUARDED_AVAILABILITY = YES_AGGRESSIVE;
				CLANG_WARN_UNREACHABLE_CODE = YES;
				CLANG_WARN__DUPLICATE_METHOD_MATCH = YES;
				COPY_PHASE_STRIP = NO;
				DEBUG_INFORMATION_FORMAT = dwarf;
				ENABLE_STRICT_OBJC_MSGSEND = YES;
				ENABLE_TESTABILITY = YES;
				GCC_C_LANGUAGE_STANDARD = gnu11;
				GCC_DYNAMIC_NO_PIC = NO;
				GCC_NO_COMMON_BLOCKS = YES;
				GCC_OPTIMIZATION_LEVEL = 0;
				GCC_PREPROCESSOR_DEFINITIONS = (
					"DEBUG=1",
					"$(inherited)",
				);
				GCC_WARN_64_TO_32_BIT_CONVERSION = YES;
				GCC_WARN_ABOUT_RETURN_TYPE = YES_ERROR;
				GCC_WARN_UNDECLARED_SELECTOR = YES;
				GCC_WARN_UNINITIALIZED_AUTOS = YES_AGGRESSIVE;
				GCC_WARN_UNUSED_FUNCTION = YES;
				GCC_WARN_UNUSED_VARIABLE = YES;
				IPHONEOS_DEPLOYMENT_TARGET = 14.5;
				MTL_ENABLE_DEBUG_INFO = INCLUDE_SOURCE;
				MTL_FAST_MATH = YES;
				ONLY_ACTIVE_ARCH = YES;
				SDKROOT = iphoneos;
				SWIFT_ACTIVE_COMPILATION_CONDITIONS = DEBUG;
				SWIFT_OPTIMIZATION_LEVEL = "-Onone";
			};
			name = Debug;
		};
		72581F5C26FB880500C6F950 /* Release */ = {
			isa = XCBuildConfiguration;
			buildSettings = {
				ALWAYS_SEARCH_USER_PATHS = NO;
				CLANG_ANALYZER_NONNULL = YES;
				CLANG_ANALYZER_NUMBER_OBJECT_CONVERSION = YES_AGGRESSIVE;
				CLANG_CXX_LANGUAGE_STANDARD = "gnu++14";
				CLANG_CXX_LIBRARY = "libc++";
				CLANG_ENABLE_MODULES = YES;
				CLANG_ENABLE_OBJC_ARC = YES;
				CLANG_ENABLE_OBJC_WEAK = YES;
				CLANG_WARN_BLOCK_CAPTURE_AUTORELEASING = YES;
				CLANG_WARN_BOOL_CONVERSION = YES;
				CLANG_WARN_COMMA = YES;
				CLANG_WARN_CONSTANT_CONVERSION = YES;
				CLANG_WARN_DEPRECATED_OBJC_IMPLEMENTATIONS = YES;
				CLANG_WARN_DIRECT_OBJC_ISA_USAGE = YES_ERROR;
				CLANG_WARN_DOCUMENTATION_COMMENTS = YES;
				CLANG_WARN_EMPTY_BODY = YES;
				CLANG_WARN_ENUM_CONVERSION = YES;
				CLANG_WARN_INFINITE_RECURSION = YES;
				CLANG_WARN_INT_CONVERSION = YES;
				CLANG_WARN_NON_LITERAL_NULL_CONVERSION = YES;
				CLANG_WARN_OBJC_IMPLICIT_RETAIN_SELF = YES;
				CLANG_WARN_OBJC_LITERAL_CONVERSION = YES;
				CLANG_WARN_OBJC_ROOT_CLASS = YES_ERROR;
				CLANG_WARN_QUOTED_INCLUDE_IN_FRAMEWORK_HEADER = YES;
				CLANG_WARN_RANGE_LOOP_ANALYSIS = YES;
				CLANG_WARN_STRICT_PROTOTYPES = YES;
				CLANG_WARN_SUSPICIOUS_MOVE = YES;
				CLANG_WARN_UNGUARDED_AVAILABILITY = YES_AGGRESSIVE;
				CLANG_WARN_UNREACHABLE_CODE = YES;
				CLANG_WARN__DUPLICATE_METHOD_MATCH = YES;
				COPY_PHASE_STRIP = NO;
				DEBUG_INFORMATION_FORMAT = "dwarf-with-dsym";
				ENABLE_NS_ASSERTIONS = NO;
				ENABLE_STRICT_OBJC_MSGSEND = YES;
				GCC_C_LANGUAGE_STANDARD = gnu11;
				GCC_NO_COMMON_BLOCKS = YES;
				GCC_WARN_64_TO_32_BIT_CONVERSION = YES;
				GCC_WARN_ABOUT_RETURN_TYPE = YES_ERROR;
				GCC_WARN_UNDECLARED_SELECTOR = YES;
				GCC_WARN_UNINITIALIZED_AUTOS = YES_AGGRESSIVE;
				GCC_WARN_UNUSED_FUNCTION = YES;
				GCC_WARN_UNUSED_VARIABLE = YES;
				IPHONEOS_DEPLOYMENT_TARGET = 14.5;
				MTL_ENABLE_DEBUG_INFO = NO;
				MTL_FAST_MATH = YES;
				SDKROOT = iphoneos;
				SWIFT_COMPILATION_MODE = wholemodule;
				SWIFT_OPTIMIZATION_LEVEL = "-O";
				VALIDATE_PRODUCT = YES;
			};
			name = Release;
		};
		72581F5E26FB880500C6F950 /* Debug */ = {
			isa = XCBuildConfiguration;
			baseConfigurationReference = 1567DC0557E158A9A08055EC /* Pods-flix.debug.xcconfig */;
			buildSettings = {
				ASSETCATALOG_COMPILER_APPICON_NAME = AppIcon;
				ASSETCATALOG_COMPILER_GLOBAL_ACCENT_COLOR_NAME = AccentColor;
				CODE_SIGN_STYLE = Automatic;
				DEVELOPMENT_TEAM = FHMN69L8M5;
				INFOPLIST_FILE = flix/Info.plist;
				LD_RUNPATH_SEARCH_PATHS = (
					"$(inherited)",
					"@executable_path/Frameworks",
				);
				PRODUCT_BUNDLE_IDENTIFIER = "James-Lipe.flix";
				PRODUCT_NAME = "$(TARGET_NAME)";
				SWIFT_VERSION = 5.0;
				TARGETED_DEVICE_FAMILY = "1,2";
			};
			name = Debug;
		};
		72581F5F26FB880500C6F950 /* Release */ = {
			isa = XCBuildConfiguration;
			baseConfigurationReference = 54CCC275474625F7B6E4D530 /* Pods-flix.release.xcconfig */;
			buildSettings = {
				ASSETCATALOG_COMPILER_APPICON_NAME = AppIcon;
				ASSETCATALOG_COMPILER_GLOBAL_ACCENT_COLOR_NAME = AccentColor;
				CODE_SIGN_STYLE = Automatic;
				DEVELOPMENT_TEAM = FHMN69L8M5;
				INFOPLIST_FILE = flix/Info.plist;
				LD_RUNPATH_SEARCH_PATHS = (
					"$(inherited)",
					"@executable_path/Frameworks",
				);
				PRODUCT_BUNDLE_IDENTIFIER = "James-Lipe.flix";
				PRODUCT_NAME = "$(TARGET_NAME)";
				SWIFT_VERSION = 5.0;
				TARGETED_DEVICE_FAMILY = "1,2";
			};
			name = Release;
		};
		72581F6126FB880500C6F950 /* Debug */ = {
			isa = XCBuildConfiguration;
			baseConfigurationReference = 31803BD82ABDB4AB9D3C43F7 /* Pods-flixTests.debug.xcconfig */;
			buildSettings = {
				ALWAYS_EMBED_SWIFT_STANDARD_LIBRARIES = YES;
				BUNDLE_LOADER = "$(TEST_HOST)";
				CODE_SIGN_STYLE = Automatic;
				INFOPLIST_FILE = flixTests/Info.plist;
				IPHONEOS_DEPLOYMENT_TARGET = 14.5;
				LD_RUNPATH_SEARCH_PATHS = (
					"$(inherited)",
					"@executable_path/Frameworks",
					"@loader_path/Frameworks",
				);
				PRODUCT_BUNDLE_IDENTIFIER = "James-Lipe.flixTests";
				PRODUCT_NAME = "$(TARGET_NAME)";
				SWIFT_VERSION = 5.0;
				TARGETED_DEVICE_FAMILY = "1,2";
				TEST_HOST = "$(BUILT_PRODUCTS_DIR)/flix.app/flix";
			};
			name = Debug;
		};
		72581F6226FB880500C6F950 /* Release */ = {
			isa = XCBuildConfiguration;
			baseConfigurationReference = 09310F318A9F68EA7824CA75 /* Pods-flixTests.release.xcconfig */;
			buildSettings = {
				ALWAYS_EMBED_SWIFT_STANDARD_LIBRARIES = YES;
				BUNDLE_LOADER = "$(TEST_HOST)";
				CODE_SIGN_STYLE = Automatic;
				INFOPLIST_FILE = flixTests/Info.plist;
				IPHONEOS_DEPLOYMENT_TARGET = 14.5;
				LD_RUNPATH_SEARCH_PATHS = (
					"$(inherited)",
					"@executable_path/Frameworks",
					"@loader_path/Frameworks",
				);
				PRODUCT_BUNDLE_IDENTIFIER = "James-Lipe.flixTests";
				PRODUCT_NAME = "$(TARGET_NAME)";
				SWIFT_VERSION = 5.0;
				TARGETED_DEVICE_FAMILY = "1,2";
				TEST_HOST = "$(BUILT_PRODUCTS_DIR)/flix.app/flix";
			};
			name = Release;
		};
		72581F6426FB880500C6F950 /* Debug */ = {
			isa = XCBuildConfiguration;
			baseConfigurationReference = B1E667B3529C07677E2D0BD9 /* Pods-flix-flixUITests.debug.xcconfig */;
			buildSettings = {
				ALWAYS_EMBED_SWIFT_STANDARD_LIBRARIES = YES;
				CODE_SIGN_STYLE = Automatic;
				INFOPLIST_FILE = flixUITests/Info.plist;
				LD_RUNPATH_SEARCH_PATHS = (
					"$(inherited)",
					"@executable_path/Frameworks",
					"@loader_path/Frameworks",
				);
				PRODUCT_BUNDLE_IDENTIFIER = "James-Lipe.flixUITests";
				PRODUCT_NAME = "$(TARGET_NAME)";
				SWIFT_VERSION = 5.0;
				TARGETED_DEVICE_FAMILY = "1,2";
				TEST_TARGET_NAME = flix;
			};
			name = Debug;
		};
		72581F6526FB880500C6F950 /* Release */ = {
			isa = XCBuildConfiguration;
			baseConfigurationReference = DDDCF46621D06C633237BFE9 /* Pods-flix-flixUITests.release.xcconfig */;
			buildSettings = {
				ALWAYS_EMBED_SWIFT_STANDARD_LIBRARIES = YES;
				CODE_SIGN_STYLE = Automatic;
				INFOPLIST_FILE = flixUITests/Info.plist;
				LD_RUNPATH_SEARCH_PATHS = (
					"$(inherited)",
					"@executable_path/Frameworks",
					"@loader_path/Frameworks",
				);
				PRODUCT_BUNDLE_IDENTIFIER = "James-Lipe.flixUITests";
				PRODUCT_NAME = "$(TARGET_NAME)";
				SWIFT_VERSION = 5.0;
				TARGETED_DEVICE_FAMILY = "1,2";
				TEST_TARGET_NAME = flix;
			};
			name = Release;
		};
/* End XCBuildConfiguration section */

/* Begin XCConfigurationList section */
		72581F2E26FB880300C6F950 /* Build configuration list for PBXProject "flix" */ = {
			isa = XCConfigurationList;
			buildConfigurations = (
				72581F5B26FB880500C6F950 /* Debug */,
				72581F5C26FB880500C6F950 /* Release */,
			);
			defaultConfigurationIsVisible = 0;
			defaultConfigurationName = Release;
		};
		72581F5D26FB880500C6F950 /* Build configuration list for PBXNativeTarget "flix" */ = {
			isa = XCConfigurationList;
			buildConfigurations = (
				72581F5E26FB880500C6F950 /* Debug */,
				72581F5F26FB880500C6F950 /* Release */,
			);
			defaultConfigurationIsVisible = 0;
			defaultConfigurationName = Release;
		};
		72581F6026FB880500C6F950 /* Build configuration list for PBXNativeTarget "flixTests" */ = {
			isa = XCConfigurationList;
			buildConfigurations = (
				72581F6126FB880500C6F950 /* Debug */,
				72581F6226FB880500C6F950 /* Release */,
			);
			defaultConfigurationIsVisible = 0;
			defaultConfigurationName = Release;
		};
		72581F6326FB880500C6F950 /* Build configuration list for PBXNativeTarget "flixUITests" */ = {
			isa = XCConfigurationList;
			buildConfigurations = (
				72581F6426FB880500C6F950 /* Debug */,
				72581F6526FB880500C6F950 /* Release */,
			);
			defaultConfigurationIsVisible = 0;
			defaultConfigurationName = Release;
		};
/* End XCConfigurationList section */

/* Begin XCRemoteSwiftPackageReference section */
		72581F6826FB9CB100C6F950 /* XCRemoteSwiftPackageReference "AlamofireImage" */ = {
			isa = XCRemoteSwiftPackageReference;
			repositoryURL = "https://github.com/Alamofire/AlamofireImage";
			requirement = {
				kind = upToNextMajorVersion;
				minimumVersion = 4.2.0;
			};
		};
/* End XCRemoteSwiftPackageReference section */

/* Begin XCSwiftPackageProductDependency section */
		72581F6926FB9CB100C6F950 /* AlamofireImage */ = {
			isa = XCSwiftPackageProductDependency;
			package = 72581F6826FB9CB100C6F950 /* XCRemoteSwiftPackageReference "AlamofireImage" */;
			productName = AlamofireImage;
		};
/* End XCSwiftPackageProductDependency section */
	};
	rootObject = 72581F2B26FB880300C6F950 /* Project object */;
}
